// !$*UTF8*$!
{
	archiveVersion = 1;
	classes = {
	};
	objectVersion = 77;
	objects = {

/* Begin PBXBuildFile section */
		66AB936A2DFF7D49004E3549 /* ConfettiSwiftUI in Frameworks */ = {isa = PBXBuildFile; productRef = 66AB93692DFF7D49004E3549 /* ConfettiSwiftUI */; };
/* End PBXBuildFile section */

/* Begin PBXContainerItemProxy section */
		66AB934C2DFF7BE3004E3549 /* PBXContainerItemProxy */ = {
			isa = PBXContainerItemProxy;
			containerPortal = 66AB93332DFF7BE2004E3549 /* Project object */;
			proxyType = 1;
			remoteGlobalIDString = 66AB933A2DFF7BE2004E3549;
			remoteInfo = categorygame;
		};
		66AB93562DFF7BE3004E3549 /* PBXContainerItemProxy */ = {
			isa = PBXContainerItemProxy;
			containerPortal = 66AB93332DFF7BE2004E3549 /* Project object */;
			proxyType = 1;
			remoteGlobalIDString = 66AB933A2DFF7BE2004E3549;
			remoteInfo = categorygame;
		};
/* End PBXContainerItemProxy section */

/* Begin PBXFileReference section */
		66AB933B2DFF7BE2004E3549 /* categorygame.app */ = {isa = PBXFileReference; explicitFileType = wrapper.application; includeInIndex = 0; path = categorygame.app; sourceTree = BUILT_PRODUCTS_DIR; };
		66AB934B2DFF7BE3004E3549 /* categorygameTests.xctest */ = {isa = PBXFileReference; explicitFileType = wrapper.cfbundle; includeInIndex = 0; path = categorygameTests.xctest; sourceTree = BUILT_PRODUCTS_DIR; };
		66AB93552DFF7BE3004E3549 /* categorygameUITests.xctest */ = {isa = PBXFileReference; explicitFileType = wrapper.cfbundle; includeInIndex = 0; path = categorygameUITests.xctest; sourceTree = BUILT_PRODUCTS_DIR; };
/* End PBXFileReference section */

/* Begin PBXFileSystemSynchronizedBuildFileExceptionSet section */
		66AB93912E03ACD7004E3549 /* Exceptions for "categorygame" folder in "categorygame" target */ = {
			isa = PBXFileSystemSynchronizedBuildFileExceptionSet;
			membershipExceptions = (
				Info.plist,
			);
			target = 66AB933A2DFF7BE2004E3549 /* categorygame */;
		};
/* End PBXFileSystemSynchronizedBuildFileExceptionSet section */

/* Begin PBXFileSystemSynchronizedRootGroup section */
		66AB933D2DFF7BE2004E3549 /* categorygame */ = {
			isa = PBXFileSystemSynchronizedRootGroup;
			exceptions = (
				66AB93912E03ACD7004E3549 /* Exceptions for "categorygame" folder in "categorygame" target */,
			);
			path = categorygame;
			sourceTree = "<group>";
		};
		66AB934E2DFF7BE3004E3549 /* categorygameTests */ = {
			isa = PBXFileSystemSynchronizedRootGroup;
			path = categorygameTests;
			sourceTree = "<group>";
		};
		66AB93582DFF7BE3004E3549 /* categorygameUITests */ = {
			isa = PBXFileSystemSynchronizedRootGroup;
			path = categorygameUITests;
			sourceTree = "<group>";
		};
/* End PBXFileSystemSynchronizedRootGroup section */

/* Begin PBXFrameworksBuildPhase section */
		66AB93382DFF7BE2004E3549 /* Frameworks */ = {
			isa = PBXFrameworksBuildPhase;
			buildActionMask = 2147483647;
			files = (
				66AB936A2DFF7D49004E3549 /* ConfettiSwiftUI in Frameworks */,
			);
			runOnlyForDeploymentPostprocessing = 0;
		};
		66AB93482DFF7BE3004E3549 /* Frameworks */ = {
			isa = PBXFrameworksBuildPhase;
			buildActionMask = 2147483647;
			files = (
			);
			runOnlyForDeploymentPostprocessing = 0;
		};
		66AB93522DFF7BE3004E3549 /* Frameworks */ = {
			isa = PBXFrameworksBuildPhase;
			buildActionMask = 2147483647;
			files = (
			);
			runOnlyForDeploymentPostprocessing = 0;
		};
/* End PBXFrameworksBuildPhase section */

/* Begin PBXGroup section */
		66AB93322DFF7BE2004E3549 = {
			isa = PBXGroup;
			children = (
				66AB933D2DFF7BE2004E3549 /* categorygame */,
				66AB934E2DFF7BE3004E3549 /* categorygameTests */,
				66AB93582DFF7BE3004E3549 /* categorygameUITests */,
				66AB933C2DFF7BE2004E3549 /* Products */,
			);
			sourceTree = "<group>";
		};
		66AB933C2DFF7BE2004E3549 /* Products */ = {
			isa = PBXGroup;
			children = (
				66AB933B2DFF7BE2004E3549 /* categorygame.app */,
				66AB934B2DFF7BE3004E3549 /* categorygameTests.xctest */,
				66AB93552DFF7BE3004E3549 /* categorygameUITests.xctest */,
			);
			name = Products;
			sourceTree = "<group>";
		};
/* End PBXGroup section */

/* Begin PBXNativeTarget section */
		66AB933A2DFF7BE2004E3549 /* categorygame */ = {
			isa = PBXNativeTarget;
			buildConfigurationList = 66AB935F2DFF7BE3004E3549 /* Build configuration list for PBXNativeTarget "categorygame" */;
			buildPhases = (
				66AB93372DFF7BE2004E3549 /* Sources */,
				66AB93382DFF7BE2004E3549 /* Frameworks */,
				66AB93392DFF7BE2004E3549 /* Resources */,
			);
			buildRules = (
			);
			dependencies = (
			);
			fileSystemSynchronizedGroups = (
				66AB933D2DFF7BE2004E3549 /* categorygame */,
			);
			name = categorygame;
			packageProductDependencies = (
				66AB93692DFF7D49004E3549 /* ConfettiSwiftUI */,
			);
			productName = categorygame;
			productReference = 66AB933B2DFF7BE2004E3549 /* categorygame.app */;
			productType = "com.apple.product-type.application";
		};
		66AB934A2DFF7BE3004E3549 /* categorygameTests */ = {
			isa = PBXNativeTarget;
			buildConfigurationList = 66AB93622DFF7BE3004E3549 /* Build configuration list for PBXNativeTarget "categorygameTests" */;
			buildPhases = (
				66AB93472DFF7BE3004E3549 /* Sources */,
				66AB93482DFF7BE3004E3549 /* Frameworks */,
				66AB93492DFF7BE3004E3549 /* Resources */,
			);
			buildRules = (
			);
			dependencies = (
				66AB934D2DFF7BE3004E3549 /* PBXTargetDependency */,
			);
			fileSystemSynchronizedGroups = (
				66AB934E2DFF7BE3004E3549 /* categorygameTests */,
			);
			name = categorygameTests;
			packageProductDependencies = (
			);
			productName = categorygameTests;
			productReference = 66AB934B2DFF7BE3004E3549 /* categorygameTests.xctest */;
			productType = "com.apple.product-type.bundle.unit-test";
		};
		66AB93542DFF7BE3004E3549 /* categorygameUITests */ = {
			isa = PBXNativeTarget;
			buildConfigurationList = 66AB93652DFF7BE3004E3549 /* Build configuration list for PBXNativeTarget "categorygameUITests" */;
			buildPhases = (
				66AB93512DFF7BE3004E3549 /* Sources */,
				66AB93522DFF7BE3004E3549 /* Frameworks */,
				66AB93532DFF7BE3004E3549 /* Resources */,
			);
			buildRules = (
			);
			dependencies = (
				66AB93572DFF7BE3004E3549 /* PBXTargetDependency */,
			);
			fileSystemSynchronizedGroups = (
				66AB93582DFF7BE3004E3549 /* categorygameUITests */,
			);
			name = categorygameUITests;
			packageProductDependencies = (
			);
			productName = categorygameUITests;
			productReference = 66AB93552DFF7BE3004E3549 /* categorygameUITests.xctest */;
			productType = "com.apple.product-type.bundle.ui-testing";
		};
/* End PBXNativeTarget section */

/* Begin PBXProject section */
		66AB93332DFF7BE2004E3549 /* Project object */ = {
			isa = PBXProject;
			attributes = {
				BuildIndependentTargetsInParallel = 1;
				LastSwiftUpdateCheck = 1620;
				LastUpgradeCheck = 1620;
				TargetAttributes = {
					66AB933A2DFF7BE2004E3549 = {
						CreatedOnToolsVersion = 16.2;
					};
					66AB934A2DFF7BE3004E3549 = {
						CreatedOnToolsVersion = 16.2;
						TestTargetID = 66AB933A2DFF7BE2004E3549;
					};
					66AB93542DFF7BE3004E3549 = {
						CreatedOnToolsVersion = 16.2;
						TestTargetID = 66AB933A2DFF7BE2004E3549;
					};
				};
			};
			buildConfigurationList = 66AB93362DFF7BE2004E3549 /* Build configuration list for PBXProject "categorygame" */;
			developmentRegion = en;
			hasScannedForEncodings = 0;
			knownRegions = (
				en,
				Base,
			);
			mainGroup = 66AB93322DFF7BE2004E3549;
			minimizedProjectReferenceProxies = 1;
			packageReferences = (
				66AB93682DFF7C67004E3549 /* XCRemoteSwiftPackageReference "ConfettiSwiftUI" */,
			);
			preferredProjectObjectVersion = 77;
			productRefGroup = 66AB933C2DFF7BE2004E3549 /* Products */;
			projectDirPath = "";
			projectRoot = "";
			targets = (
				66AB933A2DFF7BE2004E3549 /* categorygame */,
				66AB934A2DFF7BE3004E3549 /* categorygameTests */,
				66AB93542DFF7BE3004E3549 /* categorygameUITests */,
			);
		};
/* End PBXProject section */

/* Begin PBXResourcesBuildPhase section */
		66AB93392DFF7BE2004E3549 /* Resources */ = {
			isa = PBXResourcesBuildPhase;
			buildActionMask = 2147483647;
			files = (
			);
			runOnlyForDeploymentPostprocessing = 0;
		};
		66AB93492DFF7BE3004E3549 /* Resources */ = {
			isa = PBXResourcesBuildPhase;
			buildActionMask = 2147483647;
			files = (
			);
			runOnlyForDeploymentPostprocessing = 0;
		};
		66AB93532DFF7BE3004E3549 /* Resources */ = {
			isa = PBXResourcesBuildPhase;
			buildActionMask = 2147483647;
			files = (
			);
			runOnlyForDeploymentPostprocessing = 0;
		};
/* End PBXResourcesBuildPhase section */

/* Begin PBXSourcesBuildPhase section */
		66AB93372DFF7BE2004E3549 /* Sources */ = {
			isa = PBXSourcesBuildPhase;
			buildActionMask = 2147483647;
			files = (
			);
			runOnlyForDeploymentPostprocessing = 0;
		};
		66AB93472DFF7BE3004E3549 /* Sources */ = {
			isa = PBXSourcesBuildPhase;
			buildActionMask = 2147483647;
			files = (
			);
			runOnlyForDeploymentPostprocessing = 0;
		};
		66AB93512DFF7BE3004E3549 /* Sources */ = {
			isa = PBXSourcesBuildPhase;
			buildActionMask = 2147483647;
			files = (
			);
			runOnlyForDeploymentPostprocessing = 0;
		};
/* End PBXSourcesBuildPhase section */

/* Begin PBXTargetDependency section */
		66AB934D2DFF7BE3004E3549 /* PBXTargetDependency */ = {
			isa = PBXTargetDependency;
			target = 66AB933A2DFF7BE2004E3549 /* categorygame */;
			targetProxy = 66AB934C2DFF7BE3004E3549 /* PBXContainerItemProxy */;
		};
		66AB93572DFF7BE3004E3549 /* PBXTargetDependency */ = {
			isa = PBXTargetDependency;
			target = 66AB933A2DFF7BE2004E3549 /* categorygame */;
			targetProxy = 66AB93562DFF7BE3004E3549 /* PBXContainerItemProxy */;
		};
/* End PBXTargetDependency section */

/* Begin XCBuildConfiguration section */
		66AB935D2DFF7BE3004E3549 /* Debug */ = {
			isa = XCBuildConfiguration;
			buildSettings = {
				ALWAYS_SEARCH_USER_PATHS = NO;
				ASSETCATALOG_COMPILER_GENERATE_SWIFT_ASSET_SYMBOL_EXTENSIONS = YES;
				CLANG_ANALYZER_NONNULL = YES;
				CLANG_ANALYZER_NUMBER_OBJECT_CONVERSION = YES_AGGRESSIVE;
				CLANG_CXX_LANGUAGE_STANDARD = "gnu++20";
				CLANG_ENABLE_MODULES = YES;
				CLANG_ENABLE_OBJC_ARC = YES;
				CLANG_ENABLE_OBJC_WEAK = YES;
				CLANG_WARN_BLOCK_CAPTURE_AUTORELEASING = YES;
				CLANG_WARN_BOOL_CONVERSION = YES;
				CLANG_WARN_COMMA = YES;
				CLANG_WARN_CONSTANT_CONVERSION = YES;
				CLANG_WARN_DEPRECATED_OBJC_IMPLEMENTATIONS = YES;
				CLANG_WARN_DIRECT_OBJC_ISA_USAGE = YES_ERROR;
				CLANG_WARN_DOCUMENTATION_COMMENTS = YES;
				CLANG_WARN_EMPTY_BODY = YES;
				CLANG_WARN_ENUM_CONVERSION = YES;
				CLANG_WARN_INFINITE_RECURSION = YES;
				CLANG_WARN_INT_CONVERSION = YES;
				CLANG_WARN_NON_LITERAL_NULL_CONVERSION = YES;
				CLANG_WARN_OBJC_IMPLICIT_RETAIN_SELF = YES;
				CLANG_WARN_OBJC_LITERAL_CONVERSION = YES;
				CLANG_WARN_OBJC_ROOT_CLASS = YES_ERROR;
				CLANG_WARN_QUOTED_INCLUDE_IN_FRAMEWORK_HEADER = YES;
				CLANG_WARN_RANGE_LOOP_ANALYSIS = YES;
				CLANG_WARN_STRICT_PROTOTYPES = YES;
				CLANG_WARN_SUSPICIOUS_MOVE = YES;
				CLANG_WARN_UNGUARDED_AVAILABILITY = YES_AGGRESSIVE;
				CLANG_WARN_UNREACHABLE_CODE = YES;
				CLANG_WARN__DUPLICATE_METHOD_MATCH = YES;
				COPY_PHASE_STRIP = NO;
				DEBUG_INFORMATION_FORMAT = dwarf;
				ENABLE_STRICT_OBJC_MSGSEND = YES;
				ENABLE_TESTABILITY = YES;
				ENABLE_USER_SCRIPT_SANDBOXING = YES;
				GCC_C_LANGUAGE_STANDARD = gnu17;
				GCC_DYNAMIC_NO_PIC = NO;
				GCC_NO_COMMON_BLOCKS = YES;
				GCC_OPTIMIZATION_LEVEL = 0;
				GCC_PREPROCESSOR_DEFINITIONS = (
					"DEBUG=1",
					"$(inherited)",
				);
				GCC_WARN_64_TO_32_BIT_CONVERSION = YES;
				GCC_WARN_ABOUT_RETURN_TYPE = YES_ERROR;
				GCC_WARN_UNDECLARED_SELECTOR = YES;
				GCC_WARN_UNINITIALIZED_AUTOS = YES_AGGRESSIVE;
				GCC_WARN_UNUSED_FUNCTION = YES;
				GCC_WARN_UNUSED_VARIABLE = YES;
				IPHONEOS_DEPLOYMENT_TARGET = 18.2;
				LOCALIZATION_PREFERS_STRING_CATALOGS = YES;
				MTL_ENABLE_DEBUG_INFO = INCLUDE_SOURCE;
				MTL_FAST_MATH = YES;
				ONLY_ACTIVE_ARCH = YES;
				SDKROOT = iphoneos;
				SWIFT_ACTIVE_COMPILATION_CONDITIONS = "DEBUG $(inherited)";
				SWIFT_OPTIMIZATION_LEVEL = "-Onone";
			};
			name = Debug;
		};
		66AB935E2DFF7BE3004E3549 /* Release */ = {
			isa = XCBuildConfiguration;
			buildSettings = {
				ALWAYS_SEARCH_USER_PATHS = NO;
				ASSETCATALOG_COMPILER_GENERATE_SWIFT_ASSET_SYMBOL_EXTENSIONS = YES;
				CLANG_ANALYZER_NONNULL = YES;
				CLANG_ANALYZER_NUMBER_OBJECT_CONVERSION = YES_AGGRESSIVE;
				CLANG_CXX_LANGUAGE_STANDARD = "gnu++20";
				CLANG_ENABLE_MODULES = YES;
				CLANG_ENABLE_OBJC_ARC = YES;
				CLANG_ENABLE_OBJC_WEAK = YES;
				CLANG_WARN_BLOCK_CAPTURE_AUTORELEASING = YES;
				CLANG_WARN_BOOL_CONVERSION = YES;
				CLANG_WARN_COMMA = YES;
				CLANG_WARN_CONSTANT_CONVERSION = YES;
				CLANG_WARN_DEPRECATED_OBJC_IMPLEMENTATIONS = YES;
				CLANG_WARN_DIRECT_OBJC_ISA_USAGE = YES_ERROR;
				CLANG_WARN_DOCUMENTATION_COMMENTS = YES;
				CLANG_WARN_EMPTY_BODY = YES;
				CLANG_WARN_ENUM_CONVERSION = YES;
				CLANG_WARN_INFINITE_RECURSION = YES;
				CLANG_WARN_INT_CONVERSION = YES;
				CLANG_WARN_NON_LITERAL_NULL_CONVERSION = YES;
				CLANG_WARN_OBJC_IMPLICIT_RETAIN_SELF = YES;
				CLANG_WARN_OBJC_LITERAL_CONVERSION = YES;
				CLANG_WARN_OBJC_ROOT_CLASS = YES_ERROR;
				CLANG_WARN_QUOTED_INCLUDE_IN_FRAMEWORK_HEADER = YES;
				CLANG_WARN_RANGE_LOOP_ANALYSIS = YES;
				CLANG_WARN_STRICT_PROTOTYPES = YES;
				CLANG_WARN_SUSPICIOUS_MOVE = YES;
				CLANG_WARN_UNGUARDED_AVAILABILITY = YES_AGGRESSIVE;
				CLANG_WARN_UNREACHABLE_CODE = YES;
				CLANG_WARN__DUPLICATE_METHOD_MATCH = YES;
				COPY_PHASE_STRIP = NO;
				DEBUG_INFORMATION_FORMAT = "dwarf-with-dsym";
				ENABLE_NS_ASSERTIONS = NO;
				ENABLE_STRICT_OBJC_MSGSEND = YES;
				ENABLE_USER_SCRIPT_SANDBOXING = YES;
				GCC_C_LANGUAGE_STANDARD = gnu17;
				GCC_NO_COMMON_BLOCKS = YES;
				GCC_WARN_64_TO_32_BIT_CONVERSION = YES;
				GCC_WARN_ABOUT_RETURN_TYPE = YES_ERROR;
				GCC_WARN_UNDECLARED_SELECTOR = YES;
				GCC_WARN_UNINITIALIZED_AUTOS = YES_AGGRESSIVE;
				GCC_WARN_UNUSED_FUNCTION = YES;
				GCC_WARN_UNUSED_VARIABLE = YES;
				IPHONEOS_DEPLOYMENT_TARGET = 18.2;
				LOCALIZATION_PREFERS_STRING_CATALOGS = YES;
				MTL_ENABLE_DEBUG_INFO = NO;
				MTL_FAST_MATH = YES;
				SDKROOT = iphoneos;
				SWIFT_COMPILATION_MODE = wholemodule;
				VALIDATE_PRODUCT = YES;
			};
			name = Release;
		};
		66AB93602DFF7BE3004E3549 /* Debug */ = {
			isa = XCBuildConfiguration;
			buildSettings = {
				ASSETCATALOG_COMPILER_APPICON_NAME = AppIcon;
				ASSETCATALOG_COMPILER_GLOBAL_ACCENT_COLOR_NAME = AccentColor;
				CODE_SIGN_STYLE = Automatic;
				CURRENT_PROJECT_VERSION = 1;
				DEVELOPMENT_ASSET_PATHS = "\"categorygame/Preview Content\"";
				DEVELOPMENT_TEAM = K26D8MTJ36;
				ENABLE_PREVIEWS = YES;
				GENERATE_INFOPLIST_FILE = YES;
				INFOPLIST_FILE = categorygame/Info.plist;
				INFOPLIST_KEY_UIApplicationSceneManifest_Generation = YES;
				INFOPLIST_KEY_UIApplicationSupportsIndirectInputEvents = YES;
				INFOPLIST_KEY_UILaunchScreen_Generation = YES;
				INFOPLIST_KEY_UISupportedInterfaceOrientations = "UIInterfaceOrientationPortrait UIInterfaceOrientationPortraitUpsideDown";
				INFOPLIST_KEY_UISupportedInterfaceOrientations_iPad = "UIInterfaceOrientationLandscapeLeft UIInterfaceOrientationLandscapeRight UIInterfaceOrientationPortrait UIInterfaceOrientationPortraitUpsideDown";
				LD_RUNPATH_SEARCH_PATHS = (
					"$(inherited)",
					"@executable_path/Frameworks",
				);
				MARKETING_VERSION = 1.0;
				PRODUCT_BUNDLE_IDENTIFIER = com.jenkersh.categorygame;
				PRODUCT_NAME = "$(TARGET_NAME)";
				SWIFT_EMIT_LOC_STRINGS = YES;
				SWIFT_VERSION = 5.0;
				TARGETED_DEVICE_FAMILY = "1,2";
			};
			name = Debug;
		};
		66AB93612DFF7BE3004E3549 /* Release */ = {
			isa = XCBuildConfiguration;
			buildSettings = {
				ASSETCATALOG_COMPILER_APPICON_NAME = AppIcon;
				ASSETCATALOG_COMPILER_GLOBAL_ACCENT_COLOR_NAME = AccentColor;
				CODE_SIGN_STYLE = Automatic;
				CURRENT_PROJECT_VERSION = 1;
				DEVELOPMENT_ASSET_PATHS = "\"categorygame/Preview Content\"";
				DEVELOPMENT_TEAM = K26D8MTJ36;
				ENABLE_PREVIEWS = YES;
				GENERATE_INFOPLIST_FILE = YES;
				INFOPLIST_FILE = categorygame/Info.plist;
				INFOPLIST_KEY_UIApplicationSceneManifest_Generation = YES;
				INFOPLIST_KEY_UIApplicationSupportsIndirectInputEvents = YES;
				INFOPLIST_KEY_UILaunchScreen_Generation = YES;
				INFOPLIST_KEY_UISupportedInterfaceOrientations = "UIInterfaceOrientationPortrait UIInterfaceOrientationPortraitUpsideDown";
				INFOPLIST_KEY_UISupportedInterfaceOrientations_iPad = "UIInterfaceOrientationLandscapeLeft UIInterfaceOrientationLandscapeRight UIInterfaceOrientationPortrait UIInterfaceOrientationPortraitUpsideDown";
				LD_RUNPATH_SEARCH_PATHS = (
					"$(inherited)",
					"@executable_path/Frameworks",
				);
				MARKETING_VERSION = 1.0;
				PRODUCT_BUNDLE_IDENTIFIER = com.jenkersh.categorygame;
				PRODUCT_NAME = "$(TARGET_NAME)";
				SWIFT_EMIT_LOC_STRINGS = YES;
				SWIFT_VERSION = 5.0;
				TARGETED_DEVICE_FAMILY = "1,2";
			};
			name = Release;
		};
		66AB93632DFF7BE3004E3549 /* Debug */ = {
			isa = XCBuildConfiguration;
			buildSettings = {
				BUNDLE_LOADER = "$(TEST_HOST)";
				CODE_SIGN_STYLE = Automatic;
				CURRENT_PROJECT_VERSION = 1;
				DEVELOPMENT_TEAM = K26D8MTJ36;
				GENERATE_INFOPLIST_FILE = YES;
				IPHONEOS_DEPLOYMENT_TARGET = 18.2;
				MARKETING_VERSION = 1.0;
				PRODUCT_BUNDLE_IDENTIFIER = com.jenkersh.categorygameTests;
				PRODUCT_NAME = "$(TARGET_NAME)";
				SWIFT_EMIT_LOC_STRINGS = NO;
				SWIFT_VERSION = 5.0;
				TARGETED_DEVICE_FAMILY = "1,2";
				TEST_HOST = "$(BUILT_PRODUCTS_DIR)/categorygame.app/$(BUNDLE_EXECUTABLE_FOLDER_PATH)/categorygame";
			};
			name = Debug;
		};
		66AB93642DFF7BE3004E3549 /* Release */ = {
			isa = XCBuildConfiguration;
			buildSettings = {
				BUNDLE_LOADER = "$(TEST_HOST)";
				CODE_SIGN_STYLE = Automatic;
				CURRENT_PROJECT_VERSION = 1;
				DEVELOPMENT_TEAM = K26D8MTJ36;
				GENERATE_INFOPLIST_FILE = YES;
				IPHONEOS_DEPLOYMENT_TARGET = 18.2;
				MARKETING_VERSION = 1.0;
				PRODUCT_BUNDLE_IDENTIFIER = com.jenkersh.categorygameTests;
				PRODUCT_NAME = "$(TARGET_NAME)";
				SWIFT_EMIT_LOC_STRINGS = NO;
				SWIFT_VERSION = 5.0;
				TARGETED_DEVICE_FAMILY = "1,2";
				TEST_HOST = "$(BUILT_PRODUCTS_DIR)/categorygame.app/$(BUNDLE_EXECUTABLE_FOLDER_PATH)/categorygame";
			};
			name = Release;
		};
		66AB93662DFF7BE3004E3549 /* Debug */ = {
			isa = XCBuildConfiguration;
			buildSettings = {
				CODE_SIGN_STYLE = Automatic;
				CURRENT_PROJECT_VERSION = 1;
				DEVELOPMENT_TEAM = K26D8MTJ36;
				GENERATE_INFOPLIST_FILE = YES;
				MARKETING_VERSION = 1.0;
				PRODUCT_BUNDLE_IDENTIFIER = com.jenkersh.categorygameUITests;
				PRODUCT_NAME = "$(TARGET_NAME)";
				SWIFT_EMIT_LOC_STRINGS = NO;
				SWIFT_VERSION = 5.0;
				TARGETED_DEVICE_FAMILY = "1,2";
				TEST_TARGET_NAME = categorygame;
			};
			name = Debug;
		};
		66AB93672DFF7BE3004E3549 /* Release */ = {
			isa = XCBuildConfiguration;
			buildSettings = {
				CODE_SIGN_STYLE = Automatic;
				CURRENT_PROJECT_VERSION = 1;
				DEVELOPMENT_TEAM = K26D8MTJ36;
				GENERATE_INFOPLIST_FILE = YES;
				MARKETING_VERSION = 1.0;
				PRODUCT_BUNDLE_IDENTIFIER = com.jenkersh.categorygameUITests;
				PRODUCT_NAME = "$(TARGET_NAME)";
				SWIFT_EMIT_LOC_STRINGS = NO;
				SWIFT_VERSION = 5.0;
				TARGETED_DEVICE_FAMILY = "1,2";
				TEST_TARGET_NAME = categorygame;
			};
			name = Release;
		};
/* End XCBuildConfiguration section */

/* Begin XCConfigurationList section */
		66AB93362DFF7BE2004E3549 /* Build configuration list for PBXProject "categorygame" */ = {
			isa = XCConfigurationList;
			buildConfigurations = (
				66AB935D2DFF7BE3004E3549 /* Debug */,
				66AB935E2DFF7BE3004E3549 /* Release */,
			);
			defaultConfigurationIsVisible = 0;
			defaultConfigurationName = Release;
		};
		66AB935F2DFF7BE3004E3549 /* Build configuration list for PBXNativeTarget "categorygame" */ = {
			isa = XCConfigurationList;
			buildConfigurations = (
				66AB93602DFF7BE3004E3549 /* Debug */,
				66AB93612DFF7BE3004E3549 /* Release */,
			);
			defaultConfigurationIsVisible = 0;
			defaultConfigurationName = Release;
		};
		66AB93622DFF7BE3004E3549 /* Build configuration list for PBXNativeTarget "categorygameTests" */ = {
			isa = XCConfigurationList;
			buildConfigurations = (
				66AB93632DFF7BE3004E3549 /* Debug */,
				66AB93642DFF7BE3004E3549 /* Release */,
			);
			defaultConfigurationIsVisible = 0;
			defaultConfigurationName = Release;
		};
		66AB93652DFF7BE3004E3549 /* Build configuration list for PBXNativeTarget "categorygameUITests" */ = {
			isa = XCConfigurationList;
			buildConfigurations = (
				66AB93662DFF7BE3004E3549 /* Debug */,
				66AB93672DFF7BE3004E3549 /* Release */,
			);
			defaultConfigurationIsVisible = 0;
			defaultConfigurationName = Release;
		};
/* End XCConfigurationList section */

/* Begin XCRemoteSwiftPackageReference section */
		66AB93682DFF7C67004E3549 /* XCRemoteSwiftPackageReference "ConfettiSwiftUI" */ = {
			isa = XCRemoteSwiftPackageReference;
			repositoryURL = "https://github.com/simibac/ConfettiSwiftUI";
			requirement = {
				kind = upToNextMajorVersion;
				minimumVersion = 2.0.3;
			};
		};
/* End XCRemoteSwiftPackageReference section */

/* Begin XCSwiftPackageProductDependency section */
		66AB93692DFF7D49004E3549 /* ConfettiSwiftUI */ = {
			isa = XCSwiftPackageProductDependency;
			package = 66AB93682DFF7C67004E3549 /* XCRemoteSwiftPackageReference "ConfettiSwiftUI" */;
			productName = ConfettiSwiftUI;
		};
/* End XCSwiftPackageProductDependency section */
	};
	rootObject = 66AB93332DFF7BE2004E3549 /* Project object */;
}
